
Microsoft Visual Studio Solution File, Format Version 12.00
# Visual Studio Version 17
VisualStudioVersion = 17.2.32616.157
MinimumVisualStudioVersion = 10.0.40219.1
Project("{FAE04EC0-301F-11D3-BF4B-00C04F79EFBC}") = "Interfata dbo EUROPEDIRECT", "Interfata dbo EUROPEDIRECT\Interfata dbo EUROPEDIRECT.csproj", "{EF12C38D-7073-4788-9FB1-B296D550D4CB}"
EndProject
Global
	GlobalSection(SolutionConfigurationPlatforms) = preSolution
		Debug|Any CPU = Debug|Any CPU
		Release|Any CPU = Release|Any CPU
	EndGlobalSection
	GlobalSection(ProjectConfigurationPlatforms) = postSolution
		{EF12C38D-7073-4788-9FB1-B296D550D4CB}.Debug|Any CPU.ActiveCfg = Debug|Any CPU
		{EF12C38D-7073-4788-9FB1-B296D550D4CB}.Debug|Any CPU.Build.0 = Debug|Any CPU
		{EF12C38D-7073-4788-9FB1-B296D550D4CB}.Release|Any CPU.ActiveCfg = Release|Any CPU
		{EF12C38D-7073-4788-9FB1-B296D550D4CB}.Release|Any CPU.Build.0 = Release|Any CPU
	EndGlobalSection
	GlobalSection(SolutionProperties) = preSolution
		HideSolutionNode = FALSE
	EndGlobalSection
	GlobalSection(ExtensibilityGlobals) = postSolution
		SolutionGuid = {A86F971C-7222-4B7C-922C-275FDCADA720}
	EndGlobalSection
EndGlobal
